
Microsoft Visual Studio Solution File, Format Version 12.00
# Visual Studio 15
VisualStudioVersion = 15.0.28307.438
MinimumVisualStudioVersion = 10.0.40219.1
Project("{FAE04EC0-301F-11D3-BF4B-00C04F79EFBC}") = "Ex_60", "Ex_60\Ex_60.csproj", "{CEE3CD24-1222-484F-869C-6706877EB0F3}"
EndProject
Project("{FAE04EC0-301F-11D3-BF4B-00C04F79EFBC}") = "UnitTestProject1", "UnitTestProject1\UnitTestProject1.csproj", "{A27AE057-025C-41CC-B903-185AC9464209}"
EndProject
Global
	GlobalSection(SolutionConfigurationPlatforms) = preSolution
		Debug|Any CPU = Debug|Any CPU
		Release|Any CPU = Release|Any CPU
	EndGlobalSection
	GlobalSection(ProjectConfigurationPlatforms) = postSolution
		{CEE3CD24-1222-484F-869C-6706877EB0F3}.Debug|Any CPU.ActiveCfg = Debug|Any CPU
		{CEE3CD24-1222-484F-869C-6706877EB0F3}.Debug|Any CPU.Build.0 = Debug|Any CPU
		{CEE3CD24-1222-484F-869C-6706877EB0F3}.Release|Any CPU.ActiveCfg = Release|Any CPU
		{CEE3CD24-1222-484F-869C-6706877EB0F3}.Release|Any CPU.Build.0 = Release|Any CPU
		{A27AE057-025C-41CC-B903-185AC9464209}.Debug|Any CPU.ActiveCfg = Debug|Any CPU
		{A27AE057-025C-41CC-B903-185AC9464209}.Debug|Any CPU.Build.0 = Debug|Any CPU
		{A27AE057-025C-41CC-B903-185AC9464209}.Release|Any CPU.ActiveCfg = Release|Any CPU
		{A27AE057-025C-41CC-B903-185AC9464209}.Release|Any CPU.Build.0 = Release|Any CPU
	EndGlobalSection
	GlobalSection(SolutionProperties) = preSolution
		HideSolutionNode = FALSE
	EndGlobalSection
	GlobalSection(ExtensibilityGlobals) = postSolution
		SolutionGuid = {8C2A90DA-8A4B-42FD-A086-ED909438FB36}
	EndGlobalSection
EndGlobal
